
Microsoft Visual Studio Solution File, Format Version 12.00
# Visual Studio Version 16
VisualStudioVersion = 16.0.31911.196
MinimumVisualStudioVersion = 10.0.40219.1
Project("{FAE04EC0-301F-11D3-BF4B-00C04F79EFBC}") = "Proyecto", "Proyecto.csproj", "{468DAEFD-9D70-4211-B7C7-5EA1AD7A0DED}"
EndProject
Global
	GlobalSection(SolutionConfigurationPlatforms) = preSolution
		Debug|Any CPU = Debug|Any CPU
		Release|Any CPU = Release|Any CPU
	EndGlobalSection
	GlobalSection(ProjectConfigurationPlatforms) = postSolution
		{468DAEFD-9D70-4211-B7C7-5EA1AD7A0DED}.Debug|Any CPU.ActiveCfg = Debug|Any CPU
		{468DAEFD-9D70-4211-B7C7-5EA1AD7A0DED}.Debug|Any CPU.Build.0 = Debug|Any CPU
		{468DAEFD-9D70-4211-B7C7-5EA1AD7A0DED}.Release|Any CPU.ActiveCfg = Release|Any CPU
		{468DAEFD-9D70-4211-B7C7-5EA1AD7A0DED}.Release|Any CPU.Build.0 = Release|Any CPU
	EndGlobalSection
	GlobalSection(SolutionProperties) = preSolution
		HideSolutionNode = FALSE
	EndGlobalSection
	GlobalSection(ExtensibilityGlobals) = postSolution
		SolutionGuid = {ADAB140E-4650-4320-8B8D-A52DA5F2529F}
	EndGlobalSection
EndGlobal
